
Microsoft Visual Studio Solution File, Format Version 12.00
# Visual Studio Express 2012 for Windows Desktop
Project("{8BC9CEB8-8B4A-11D0-8D11-00A0C91BC942}") = "cadxcore", "..\cadxcore\cadxcore.vcxproj", "{51617602-E33C-4A52-941E-3E3302DE4447}"
EndProject
Project("{8BC9CEB8-8B4A-11D0-8D11-00A0C91BC942}") = "visualizator", "..\visualizator\visualizator.vcxproj", "{489A2BBD-64A0-4E2F-B700-B18B71680593}"
EndProject
Project("{8BC9CEB8-8B4A-11D0-8D11-00A0C91BC942}") = "ginkgocadx", "ginkgocadx.vcxproj", "{5E2F34C0-AC7F-45F9-B3F3-7027FA2BC469}"
	ProjectSection(ProjectDependencies) = postProject
		{51617602-E33C-4A52-941E-3E3302DE4447} = {51617602-E33C-4A52-941E-3E3302DE4447}
		{489A2BBD-64A0-4E2F-B700-B18B71680593} = {489A2BBD-64A0-4E2F-B700-B18B71680593}
	EndProjectSection
EndProject
Project("{8BC9CEB8-8B4A-11D0-8D11-00A0C91BC942}") = "install_open_source", "..\install_open_source\install_open_source.vcxproj", "{0F92665B-E708-4924-AC41-469893222737}"
EndProject
Global
	GlobalSection(SolutionConfigurationPlatforms) = preSolution
		DebugDynamicPro|Mixed Platforms = DebugDynamicPro|Mixed Platforms
		DebugDynamicPro|Win32 = DebugDynamicPro|Win32
		DebugDynamicPro|x64 = DebugDynamicPro|x64
		DebugMonoliticOS|Mixed Platforms = DebugMonoliticOS|Mixed Platforms
		DebugMonoliticOS|Win32 = DebugMonoliticOS|Win32
		DebugMonoliticOS|x64 = DebugMonoliticOS|x64
		DebugMonoliticPro|Mixed Platforms = DebugMonoliticPro|Mixed Platforms
		DebugMonoliticPro|Win32 = DebugMonoliticPro|Win32
		DebugMonoliticPro|x64 = DebugMonoliticPro|x64
		ReleaseDynamicPro|Mixed Platforms = ReleaseDynamicPro|Mixed Platforms
		ReleaseDynamicPro|Win32 = ReleaseDynamicPro|Win32
		ReleaseDynamicPro|x64 = ReleaseDynamicPro|x64
		ReleaseMonoliticOpenSource|Mixed Platforms = ReleaseMonoliticOpenSource|Mixed Platforms
		ReleaseMonoliticOpenSource|Win32 = ReleaseMonoliticOpenSource|Win32
		ReleaseMonoliticOpenSource|x64 = ReleaseMonoliticOpenSource|x64
		ReleaseMonoliticPro|Mixed Platforms = ReleaseMonoliticPro|Mixed Platforms
		ReleaseMonoliticPro|Win32 = ReleaseMonoliticPro|Win32
		ReleaseMonoliticPro|x64 = ReleaseMonoliticPro|x64
	EndGlobalSection
	GlobalSection(ProjectConfigurationPlatforms) = postSolution
		{51617602-E33C-4A52-941E-3E3302DE4447}.DebugDynamicPro|Mixed Platforms.ActiveCfg = DebugDynamicPro|Win32
		{51617602-E33C-4A52-941E-3E3302DE4447}.DebugDynamicPro|Mixed Platforms.Build.0 = DebugDynamicPro|Win32
		{51617602-E33C-4A52-941E-3E3302DE4447}.DebugDynamicPro|Win32.ActiveCfg = DebugDynamicPro|Win32
		{51617602-E33C-4A52-941E-3E3302DE4447}.DebugDynamicPro|Win32.Build.0 = DebugDynamicPro|Win32
		{51617602-E33C-4A52-941E-3E3302DE4447}.DebugDynamicPro|x64.ActiveCfg = DebugDynamicPro|x64
		{51617602-E33C-4A52-941E-3E3302DE4447}.DebugDynamicPro|x64.Build.0 = DebugDynamicPro|x64
		{51617602-E33C-4A52-941E-3E3302DE4447}.DebugMonoliticOS|Mixed Platforms.ActiveCfg = DebugMonoliticOS|Win32
		{51617602-E33C-4A52-941E-3E3302DE4447}.DebugMonoliticOS|Mixed Platforms.Build.0 = DebugMonoliticOS|Win32
		{51617602-E33C-4A52-941E-3E3302DE4447}.DebugMonoliticOS|Win32.ActiveCfg = DebugMonoliticOS|Win32
		{51617602-E33C-4A52-941E-3E3302DE4447}.DebugMonoliticOS|Win32.Build.0 = DebugMonoliticOS|Win32
		{51617602-E33C-4A52-941E-3E3302DE4447}.DebugMonoliticOS|x64.ActiveCfg = DebugMonoliticOS|x64
		{51617602-E33C-4A52-941E-3E3302DE4447}.DebugMonoliticOS|x64.Build.0 = DebugMonoliticOS|x64
		{51617602-E33C-4A52-941E-3E3302DE4447}.DebugMonoliticPro|Mixed Platforms.ActiveCfg = DebugMonoliticPro|Win32
		{51617602-E33C-4A52-941E-3E3302DE4447}.DebugMonoliticPro|Mixed Platforms.Build.0 = DebugMonoliticPro|Win32
		{51617602-E33C-4A52-941E-3E3302DE4447}.DebugMonoliticPro|Win32.ActiveCfg = DebugMonoliticPro|Win32
		{51617602-E33C-4A52-941E-3E3302DE4447}.DebugMonoliticPro|Win32.Build.0 = DebugMonoliticPro|Win32
		{51617602-E33C-4A52-941E-3E3302DE4447}.DebugMonoliticPro|x64.ActiveCfg = DebugMonoliticPro|x64
		{51617602-E33C-4A52-941E-3E3302DE4447}.DebugMonoliticPro|x64.Build.0 = DebugMonoliticPro|x64
		{51617602-E33C-4A52-941E-3E3302DE4447}.ReleaseDynamicPro|Mixed Platforms.ActiveCfg = ReleaseDynamicPro|Win32
		{51617602-E33C-4A52-941E-3E3302DE4447}.ReleaseDynamicPro|Mixed Platforms.Build.0 = ReleaseDynamicPro|Win32
		{51617602-E33C-4A52-941E-3E3302DE4447}.ReleaseDynamicPro|Win32.ActiveCfg = ReleaseDynamicPro|Win32
		{51617602-E33C-4A52-941E-3E3302DE4447}.ReleaseDynamicPro|Win32.Build.0 = ReleaseDynamicPro|Win32
		{51617602-E33C-4A52-941E-3E3302DE4447}.ReleaseDynamicPro|x64.ActiveCfg = ReleaseDynamicPro|x64
		{51617602-E33C-4A52-941E-3E3302DE4447}.ReleaseDynamicPro|x64.Build.0 = ReleaseDynamicPro|x64
		{51617602-E33C-4A52-941E-3E3302DE4447}.ReleaseMonoliticOpenSource|Mixed Platforms.ActiveCfg = ReleaseMonoliticOpenSource|Win32
		{51617602-E33C-4A52-941E-3E3302DE4447}.ReleaseMonoliticOpenSource|Mixed Platforms.Build.0 = ReleaseMonoliticOpenSource|Win32
		{51617602-E33C-4A52-941E-3E3302DE4447}.ReleaseMonoliticOpenSource|Win32.ActiveCfg = ReleaseMonoliticOpenSource|Win32
		{51617602-E33C-4A52-941E-3E3302DE4447}.ReleaseMonoliticOpenSource|Win32.Build.0 = ReleaseMonoliticOpenSource|Win32
		{51617602-E33C-4A52-941E-3E3302DE4447}.ReleaseMonoliticOpenSource|x64.ActiveCfg = ReleaseMonoliticOpenSource|x64
		{51617602-E33C-4A52-941E-3E3302DE4447}.ReleaseMonoliticOpenSource|x64.Build.0 = ReleaseMonoliticOpenSource|x64
		{51617602-E33C-4A52-941E-3E3302DE4447}.ReleaseMonoliticPro|Mixed Platforms.ActiveCfg = ReleaseMonoliticPro|Win32
		{51617602-E33C-4A52-941E-3E3302DE4447}.ReleaseMonoliticPro|Mixed Platforms.Build.0 = ReleaseMonoliticPro|Win32
		{51617602-E33C-4A52-941E-3E3302DE4447}.ReleaseMonoliticPro|Win32.ActiveCfg = ReleaseMonoliticPro|Win32
		{51617602-E33C-4A52-941E-3E3302DE4447}.ReleaseMonoliticPro|Win32.Build.0 = ReleaseMonoliticPro|Win32
		{51617602-E33C-4A52-941E-3E3302DE4447}.ReleaseMonoliticPro|x64.ActiveCfg = ReleaseMonoliticPro|x64
		{51617602-E33C-4A52-941E-3E3302DE4447}.ReleaseMonoliticPro|x64.Build.0 = ReleaseMonoliticPro|x64
		{489A2BBD-64A0-4E2F-B700-B18B71680593}.DebugDynamicPro|Mixed Platforms.ActiveCfg = DebugDynamicPro|Win32
		{489A2BBD-64A0-4E2F-B700-B18B71680593}.DebugDynamicPro|Mixed Platforms.Build.0 = DebugDynamicPro|Win32
		{489A2BBD-64A0-4E2F-B700-B18B71680593}.DebugDynamicPro|Win32.ActiveCfg = DebugDynamicPro|Win32
		{489A2BBD-64A0-4E2F-B700-B18B71680593}.DebugDynamicPro|Win32.Build.0 = DebugDynamicPro|Win32
		{489A2BBD-64A0-4E2F-B700-B18B71680593}.DebugDynamicPro|x64.ActiveCfg = DebugDynamicPro|x64
		{489A2BBD-64A0-4E2F-B700-B18B71680593}.DebugDynamicPro|x64.Build.0 = DebugDynamicPro|x64
		{489A2BBD-64A0-4E2F-B700-B18B71680593}.DebugMonoliticOS|Mixed Platforms.ActiveCfg = DebugMonoliticOS|Win32
		{489A2BBD-64A0-4E2F-B700-B18B71680593}.DebugMonoliticOS|Mixed Platforms.Build.0 = DebugMonoliticOS|Win32
		{489A2BBD-64A0-4E2F-B700-B18B71680593}.DebugMonoliticOS|Win32.ActiveCfg = DebugMonoliticOS|Win32
		{489A2BBD-64A0-4E2F-B700-B18B71680593}.DebugMonoliticOS|Win32.Build.0 = DebugMonoliticOS|Win32
		{489A2BBD-64A0-4E2F-B700-B18B71680593}.DebugMonoliticOS|x64.ActiveCfg = DebugMonoliticOS|x64
		{489A2BBD-64A0-4E2F-B700-B18B71680593}.DebugMonoliticOS|x64.Build.0 = DebugMonoliticOS|x64
		{489A2BBD-64A0-4E2F-B700-B18B71680593}.DebugMonoliticPro|Mixed Platforms.ActiveCfg = DebugMonoliticPro|Win32
		{489A2BBD-64A0-4E2F-B700-B18B71680593}.DebugMonoliticPro|Mixed Platforms.Build.0 = DebugMonoliticPro|Win32
		{489A2BBD-64A0-4E2F-B700-B18B71680593}.DebugMonoliticPro|Win32.ActiveCfg = DebugMonoliticPro|Win32
		{489A2BBD-64A0-4E2F-B700-B18B71680593}.DebugMonoliticPro|Win32.Build.0 = DebugMonoliticPro|Win32
		{489A2BBD-64A0-4E2F-B700-B18B71680593}.DebugMonoliticPro|x64.ActiveCfg = DebugMonoliticPro|x64
		{489A2BBD-64A0-4E2F-B700-B18B71680593}.DebugMonoliticPro|x64.Build.0 = DebugMonoliticPro|x64
		{489A2BBD-64A0-4E2F-B700-B18B71680593}.ReleaseDynamicPro|Mixed Platforms.ActiveCfg = ReleaseDynamicPro|Win32
		{489A2BBD-64A0-4E2F-B700-B18B71680593}.ReleaseDynamicPro|Mixed Platforms.Build.0 = ReleaseDynamicPro|Win32
		{489A2BBD-64A0-4E2F-B700-B18B71680593}.ReleaseDynamicPro|Win32.ActiveCfg = ReleaseDynamicPro|Win32
		{489A2BBD-64A0-4E2F-B700-B18B71680593}.ReleaseDynamicPro|Win32.Build.0 = ReleaseDynamicPro|Win32
		{489A2BBD-64A0-4E2F-B700-B18B71680593}.ReleaseDynamicPro|x64.ActiveCfg = ReleaseDynamicPro|x64
		{489A2BBD-64A0-4E2F-B700-B18B71680593}.ReleaseDynamicPro|x64.Build.0 = ReleaseDynamicPro|x64
		{489A2BBD-64A0-4E2F-B700-B18B71680593}.ReleaseMonoliticOpenSource|Mixed Platforms.ActiveCfg = ReleaseMonoliticOpenSource|Win32
		{489A2BBD-64A0-4E2F-B700-B18B71680593}.ReleaseMonoliticOpenSource|Mixed Platforms.Build.0 = ReleaseMonoliticOpenSource|Win32
		{489A2BBD-64A0-4E2F-B700-B18B71680593}.ReleaseMonoliticOpenSource|Win32.ActiveCfg = ReleaseMonoliticOpenSource|Win32
		{489A2BBD-64A0-4E2F-B700-B18B71680593}.ReleaseMonoliticOpenSource|Win32.Build.0 = ReleaseMonoliticOpenSource|Win32
		{489A2BBD-64A0-4E2F-B700-B18B71680593}.ReleaseMonoliticOpenSource|x64.ActiveCfg = ReleaseMonoliticOpenSource|x64
		{489A2BBD-64A0-4E2F-B700-B18B71680593}.ReleaseMonoliticOpenSource|x64.Build.0 = ReleaseMonoliticOpenSource|x64
		{489A2BBD-64A0-4E2F-B700-B18B71680593}.ReleaseMonoliticPro|Mixed Platforms.ActiveCfg = ReleaseMonoliticPro|Win32
		{489A2BBD-64A0-4E2F-B700-B18B71680593}.ReleaseMonoliticPro|Mixed Platforms.Build.0 = ReleaseMonoliticPro|Win32
		{489A2BBD-64A0-4E2F-B700-B18B71680593}.ReleaseMonoliticPro|Win32.ActiveCfg = ReleaseMonoliticPro|Win32
		{489A2BBD-64A0-4E2F-B700-B18B71680593}.ReleaseMonoliticPro|Win32.Build.0 = ReleaseMonoliticPro|Win32
		{489A2BBD-64A0-4E2F-B700-B18B71680593}.ReleaseMonoliticPro|x64.ActiveCfg = ReleaseMonoliticPro|x64
		{489A2BBD-64A0-4E2F-B700-B18B71680593}.ReleaseMonoliticPro|x64.Build.0 = ReleaseMonoliticPro|x64
		{5E2F34C0-AC7F-45F9-B3F3-7027FA2BC469}.DebugDynamicPro|Mixed Platforms.ActiveCfg = DebugMonoliticOS|Win32
		{5E2F34C0-AC7F-45F9-B3F3-7027FA2BC469}.DebugDynamicPro|Mixed Platforms.Build.0 = DebugMonoliticOS|Win32
		{5E2F34C0-AC7F-45F9-B3F3-7027FA2BC469}.DebugDynamicPro|Win32.ActiveCfg = DebugMonoliticOS|Win32
		{5E2F34C0-AC7F-45F9-B3F3-7027FA2BC469}.DebugDynamicPro|Win32.Build.0 = DebugMonoliticOS|Win32
		{5E2F34C0-AC7F-45F9-B3F3-7027FA2BC469}.DebugDynamicPro|x64.ActiveCfg = DebugMonoliticOS|x64
		{5E2F34C0-AC7F-45F9-B3F3-7027FA2BC469}.DebugDynamicPro|x64.Build.0 = DebugMonoliticOS|x64
		{5E2F34C0-AC7F-45F9-B3F3-7027FA2BC469}.DebugMonoliticOS|Mixed Platforms.ActiveCfg = DebugMonoliticOS|Win32
		{5E2F34C0-AC7F-45F9-B3F3-7027FA2BC469}.DebugMonoliticOS|Mixed Platforms.Build.0 = DebugMonoliticOS|Win32
		{5E2F34C0-AC7F-45F9-B3F3-7027FA2BC469}.DebugMonoliticOS|Win32.ActiveCfg = DebugMonoliticOS|Win32
		{5E2F34C0-AC7F-45F9-B3F3-7027FA2BC469}.DebugMonoliticOS|Win32.Build.0 = DebugMonoliticOS|Win32
		{5E2F34C0-AC7F-45F9-B3F3-7027FA2BC469}.DebugMonoliticOS|x64.ActiveCfg = DebugMonoliticOS|x64
		{5E2F34C0-AC7F-45F9-B3F3-7027FA2BC469}.DebugMonoliticOS|x64.Build.0 = DebugMonoliticOS|x64
		{5E2F34C0-AC7F-45F9-B3F3-7027FA2BC469}.DebugMonoliticPro|Mixed Platforms.ActiveCfg = DebugMonoliticOS|Win32
		{5E2F34C0-AC7F-45F9-B3F3-7027FA2BC469}.DebugMonoliticPro|Mixed Platforms.Build.0 = DebugMonoliticOS|Win32
		{5E2F34C0-AC7F-45F9-B3F3-7027FA2BC469}.DebugMonoliticPro|Win32.ActiveCfg = DebugMonoliticOS|Win32
		{5E2F34C0-AC7F-45F9-B3F3-7027FA2BC469}.DebugMonoliticPro|Win32.Build.0 = DebugMonoliticOS|Win32
		{5E2F34C0-AC7F-45F9-B3F3-7027FA2BC469}.DebugMonoliticPro|x64.ActiveCfg = DebugMonoliticOS|x64
		{5E2F34C0-AC7F-45F9-B3F3-7027FA2BC469}.DebugMonoliticPro|x64.Build.0 = DebugMonoliticOS|x64
		{5E2F34C0-AC7F-45F9-B3F3-7027FA2BC469}.ReleaseDynamicPro|Mixed Platforms.ActiveCfg = ReleaseMonoliticOpenSource|Win32
		{5E2F34C0-AC7F-45F9-B3F3-7027FA2BC469}.ReleaseDynamicPro|Mixed Platforms.Build.0 = ReleaseMonoliticOpenSource|Win32
		{5E2F34C0-AC7F-45F9-B3F3-7027FA2BC469}.ReleaseDynamicPro|Win32.ActiveCfg = ReleaseMonoliticOpenSource|Win32
		{5E2F34C0-AC7F-45F9-B3F3-7027FA2BC469}.ReleaseDynamicPro|Win32.Build.0 = ReleaseMonoliticOpenSource|Win32
		{5E2F34C0-AC7F-45F9-B3F3-7027FA2BC469}.ReleaseDynamicPro|x64.ActiveCfg = ReleaseMonoliticOpenSource|x64
		{5E2F34C0-AC7F-45F9-B3F3-7027FA2BC469}.ReleaseDynamicPro|x64.Build.0 = ReleaseMonoliticOpenSource|x64
		{5E2F34C0-AC7F-45F9-B3F3-7027FA2BC469}.ReleaseMonoliticOpenSource|Mixed Platforms.ActiveCfg = ReleaseMonoliticOpenSource|Win32
		{5E2F34C0-AC7F-45F9-B3F3-7027FA2BC469}.ReleaseMonoliticOpenSource|Mixed Platforms.Build.0 = ReleaseMonoliticOpenSource|Win32
		{5E2F34C0-AC7F-45F9-B3F3-7027FA2BC469}.ReleaseMonoliticOpenSource|Win32.ActiveCfg = ReleaseMonoliticOpenSource|Win32
		{5E2F34C0-AC7F-45F9-B3F3-7027FA2BC469}.ReleaseMonoliticOpenSource|Win32.Build.0 = ReleaseMonoliticOpenSource|Win32
		{5E2F34C0-AC7F-45F9-B3F3-7027FA2BC469}.ReleaseMonoliticOpenSource|x64.ActiveCfg = ReleaseMonoliticOpenSource|x64
		{5E2F34C0-AC7F-45F9-B3F3-7027FA2BC469}.ReleaseMonoliticOpenSource|x64.Build.0 = ReleaseMonoliticOpenSource|x64
		{5E2F34C0-AC7F-45F9-B3F3-7027FA2BC469}.ReleaseMonoliticPro|Mixed Platforms.ActiveCfg = ReleaseMonoliticOpenSource|Win32
		{5E2F34C0-AC7F-45F9-B3F3-7027FA2BC469}.ReleaseMonoliticPro|Mixed Platforms.Build.0 = ReleaseMonoliticOpenSource|Win32
		{5E2F34C0-AC7F-45F9-B3F3-7027FA2BC469}.ReleaseMonoliticPro|Win32.ActiveCfg = ReleaseMonoliticOpenSource|Win32
		{5E2F34C0-AC7F-45F9-B3F3-7027FA2BC469}.ReleaseMonoliticPro|Win32.Build.0 = ReleaseMonoliticOpenSource|Win32
		{5E2F34C0-AC7F-45F9-B3F3-7027FA2BC469}.ReleaseMonoliticPro|x64.ActiveCfg = ReleaseMonoliticOpenSource|x64
		{5E2F34C0-AC7F-45F9-B3F3-7027FA2BC469}.ReleaseMonoliticPro|x64.Build.0 = ReleaseMonoliticOpenSource|x64
		{0F92665B-E708-4924-AC41-469893222737}.DebugDynamicPro|Mixed Platforms.ActiveCfg = DebugMonoliticOS|x64
		{0F92665B-E708-4924-AC41-469893222737}.DebugDynamicPro|Mixed Platforms.Build.0 = DebugMonoliticOS|x64
		{0F92665B-E708-4924-AC41-469893222737}.DebugDynamicPro|Win32.ActiveCfg = DebugMonoliticOS|x64
		{0F92665B-E708-4924-AC41-469893222737}.DebugDynamicPro|x64.ActiveCfg = DebugMonoliticOS|x64
		{0F92665B-E708-4924-AC41-469893222737}.DebugDynamicPro|x64.Build.0 = DebugMonoliticOS|x64
		{0F92665B-E708-4924-AC41-469893222737}.DebugMonoliticOS|Mixed Platforms.ActiveCfg = DebugMonoliticOS|x64
		{0F92665B-E708-4924-AC41-469893222737}.DebugMonoliticOS|Mixed Platforms.Build.0 = DebugMonoliticOS|x64
		{0F92665B-E708-4924-AC41-469893222737}.DebugMonoliticOS|Win32.ActiveCfg = DebugMonoliticOS|x64
		{0F92665B-E708-4924-AC41-469893222737}.DebugMonoliticOS|x64.ActiveCfg = DebugMonoliticOS|x64
		{0F92665B-E708-4924-AC41-469893222737}.DebugMonoliticPro|Mixed Platforms.ActiveCfg = DebugMonoliticOS|x64
		{0F92665B-E708-4924-AC41-469893222737}.DebugMonoliticPro|Mixed Platforms.Build.0 = DebugMonoliticOS|x64
		{0F92665B-E708-4924-AC41-469893222737}.DebugMonoliticPro|Win32.ActiveCfg = DebugMonoliticOS|x64
		{0F92665B-E708-4924-AC41-469893222737}.DebugMonoliticPro|x64.ActiveCfg = DebugMonoliticOS|x64
		{0F92665B-E708-4924-AC41-469893222737}.DebugMonoliticPro|x64.Build.0 = DebugMonoliticOS|x64
		{0F92665B-E708-4924-AC41-469893222737}.ReleaseDynamicPro|Mixed Platforms.ActiveCfg = ReleaseMonoliticOpenSource|x64
		{0F92665B-E708-4924-AC41-469893222737}.ReleaseDynamicPro|Mixed Platforms.Build.0 = ReleaseMonoliticOpenSource|x64
		{0F92665B-E708-4924-AC41-469893222737}.ReleaseDynamicPro|Win32.ActiveCfg = ReleaseMonoliticOpenSource|x64
		{0F92665B-E708-4924-AC41-469893222737}.ReleaseDynamicPro|x64.ActiveCfg = ReleaseMonoliticOpenSource|x64
		{0F92665B-E708-4924-AC41-469893222737}.ReleaseDynamicPro|x64.Build.0 = ReleaseMonoliticOpenSource|x64
		{0F92665B-E708-4924-AC41-469893222737}.ReleaseMonoliticOpenSource|Mixed Platforms.ActiveCfg = ReleaseMonoliticOpenSource|x64
		{0F92665B-E708-4924-AC41-469893222737}.ReleaseMonoliticOpenSource|Mixed Platforms.Build.0 = ReleaseMonoliticOpenSource|x64
		{0F92665B-E708-4924-AC41-469893222737}.ReleaseMonoliticOpenSource|Win32.ActiveCfg = ReleaseMonoliticOpenSource|x64
		{0F92665B-E708-4924-AC41-469893222737}.ReleaseMonoliticOpenSource|Win32.Build.0 = ReleaseMonoliticOpenSource|x64
		{0F92665B-E708-4924-AC41-469893222737}.ReleaseMonoliticOpenSource|x64.ActiveCfg = ReleaseMonoliticOpenSource|x64
		{0F92665B-E708-4924-AC41-469893222737}.ReleaseMonoliticOpenSource|x64.Build.0 = ReleaseMonoliticOpenSource|x64
		{0F92665B-E708-4924-AC41-469893222737}.ReleaseMonoliticPro|Mixed Platforms.ActiveCfg = ReleaseMonoliticOpenSource|x64
		{0F92665B-E708-4924-AC41-469893222737}.ReleaseMonoliticPro|Mixed Platforms.Build.0 = ReleaseMonoliticOpenSource|x64
		{0F92665B-E708-4924-AC41-469893222737}.ReleaseMonoliticPro|Win32.ActiveCfg = ReleaseMonoliticOpenSource|x64
		{0F92665B-E708-4924-AC41-469893222737}.ReleaseMonoliticPro|x64.ActiveCfg = ReleaseMonoliticOpenSource|x64
		{0F92665B-E708-4924-AC41-469893222737}.ReleaseMonoliticPro|x64.Build.0 = ReleaseMonoliticOpenSource|x64
	EndGlobalSection
	GlobalSection(SolutionProperties) = preSolution
		HideSolutionNode = FALSE
	EndGlobalSection
EndGlobal
